
Microsoft Visual Studio Solution File, Format Version 12.00
# Visual Studio 15
VisualStudioVersion = 15.0.27130.2036
MinimumVisualStudioVersion = 10.0.40219.1
Project("{FAE04EC0-301F-11D3-BF4B-00C04F79EFBC}") = "Naspect.Core", "Naspect.Core\Naspect.Core.csproj", "{93240D49-89ED-48A3-933E-0DA7C7E1AF70}"
EndProject
Project("{FAE04EC0-301F-11D3-BF4B-00C04F79EFBC}") = "Naspect.Container", "Naspect.Container\Naspect.Container.csproj", "{D30CE7BD-B0C1-436A-A250-9C9AAC930F12}"
EndProject
Project("{2150E333-8FDC-42A3-9474-1A3956D46DE8}") = "Container", "Container", "{ADF713AB-BBEC-4AE2-9269-68DF6D86E0DF}"
EndProject
Project("{FAE04EC0-301F-11D3-BF4B-00C04F79EFBC}") = "Naspect.Container.Unity", "Naspect.Container.Unity\Naspect.Container.Unity.csproj", "{29F0FD02-47F3-43EA-AD7A-FDA241263D73}"
EndProject
Project("{2150E333-8FDC-42A3-9474-1A3956D46DE8}") = "Logger", "Logger", "{C3EF0B99-180F-4163-9652-7897C94E0FC9}"
EndProject
Project("{FAE04EC0-301F-11D3-BF4B-00C04F79EFBC}") = "Naspect.Logger", "Naspect.Logger\Naspect.Logger.csproj", "{222A70CD-2F02-48EF-9303-5DEF7ADAE6B6}"
EndProject
Project("{FAE04EC0-301F-11D3-BF4B-00C04F79EFBC}") = "Naspect.Logger.Unity", "Naspect.Logger.Unity\Naspect.Logger.Unity.csproj", "{7348C0DC-9280-457C-AAAF-C51A13AFE383}"
EndProject
Project("{FAE04EC0-301F-11D3-BF4B-00C04F79EFBC}") = "Naspect.Attribute", "Naspect.Attribute\Naspect.Attribute.csproj", "{B6FFC8E6-39CA-44D4-8730-77F9A241FA25}"
EndProject
Project("{2150E333-8FDC-42A3-9474-1A3956D46DE8}") = "Test", "Test", "{003D6744-83E7-4591-BB29-9F8F725E295C}"
EndProject
Project("{2150E333-8FDC-42A3-9474-1A3956D46DE8}") = "Core", "Core", "{AF19075D-409E-480F-8926-0B31C11B8D79}"
EndProject
Project("{FAE04EC0-301F-11D3-BF4B-00C04F79EFBC}") = "Naspect.Test", "Naspect.Test\Naspect.Test.csproj", "{B2493A70-9FF4-4672-98E9-B34337FBF559}"
EndProject
Project("{FAE04EC0-301F-11D3-BF4B-00C04F79EFBC}") = "Naspect.Dummy", "Naspect.Dummy\Naspect.Dummy.csproj", "{A2DFEE05-C089-4AF1-A04C-877B49AE3227}"
EndProject
Project("{FAE04EC0-301F-11D3-BF4B-00C04F79EFBC}") = "Naspect.Test.Console", "Naspect.Test.Console\Naspect.Test.Console.csproj", "{F9662A07-A636-4467-839F-0CFDDDB08F20}"
EndProject
Project("{FAE04EC0-301F-11D3-BF4B-00C04F79EFBC}") = "Naspect.Core.Extension", "Naspect.Core.Extension\Naspect.Core.Extension.csproj", "{F22FA8BB-BB7E-43BA-BADE-E96F4CADB0ED}"
EndProject
Global
	GlobalSection(SolutionConfigurationPlatforms) = preSolution
		Debug|Any CPU = Debug|Any CPU
		Release|Any CPU = Release|Any CPU
	EndGlobalSection
	GlobalSection(ProjectConfigurationPlatforms) = postSolution
		{93240D49-89ED-48A3-933E-0DA7C7E1AF70}.Debug|Any CPU.ActiveCfg = Debug|Any CPU
		{93240D49-89ED-48A3-933E-0DA7C7E1AF70}.Debug|Any CPU.Build.0 = Debug|Any CPU
		{93240D49-89ED-48A3-933E-0DA7C7E1AF70}.Release|Any CPU.ActiveCfg = Release|Any CPU
		{93240D49-89ED-48A3-933E-0DA7C7E1AF70}.Release|Any CPU.Build.0 = Release|Any CPU
		{D30CE7BD-B0C1-436A-A250-9C9AAC930F12}.Debug|Any CPU.ActiveCfg = Debug|Any CPU
		{D30CE7BD-B0C1-436A-A250-9C9AAC930F12}.Debug|Any CPU.Build.0 = Debug|Any CPU
		{D30CE7BD-B0C1-436A-A250-9C9AAC930F12}.Release|Any CPU.ActiveCfg = Release|Any CPU
		{D30CE7BD-B0C1-436A-A250-9C9AAC930F12}.Release|Any CPU.Build.0 = Release|Any CPU
		{29F0FD02-47F3-43EA-AD7A-FDA241263D73}.Debug|Any CPU.ActiveCfg = Debug|Any CPU
		{29F0FD02-47F3-43EA-AD7A-FDA241263D73}.Debug|Any CPU.Build.0 = Debug|Any CPU
		{29F0FD02-47F3-43EA-AD7A-FDA241263D73}.Release|Any CPU.ActiveCfg = Release|Any CPU
		{29F0FD02-47F3-43EA-AD7A-FDA241263D73}.Release|Any CPU.Build.0 = Release|Any CPU
		{222A70CD-2F02-48EF-9303-5DEF7ADAE6B6}.Debug|Any CPU.ActiveCfg = Debug|Any CPU
		{222A70CD-2F02-48EF-9303-5DEF7ADAE6B6}.Debug|Any CPU.Build.0 = Debug|Any CPU
		{222A70CD-2F02-48EF-9303-5DEF7ADAE6B6}.Release|Any CPU.ActiveCfg = Release|Any CPU
		{222A70CD-2F02-48EF-9303-5DEF7ADAE6B6}.Release|Any CPU.Build.0 = Release|Any CPU
		{7348C0DC-9280-457C-AAAF-C51A13AFE383}.Debug|Any CPU.ActiveCfg = Debug|Any CPU
		{7348C0DC-9280-457C-AAAF-C51A13AFE383}.Debug|Any CPU.Build.0 = Debug|Any CPU
		{7348C0DC-9280-457C-AAAF-C51A13AFE383}.Release|Any CPU.ActiveCfg = Release|Any CPU
		{7348C0DC-9280-457C-AAAF-C51A13AFE383}.Release|Any CPU.Build.0 = Release|Any CPU
		{B6FFC8E6-39CA-44D4-8730-77F9A241FA25}.Debug|Any CPU.ActiveCfg = Debug|Any CPU
		{B6FFC8E6-39CA-44D4-8730-77F9A241FA25}.Debug|Any CPU.Build.0 = Debug|Any CPU
		{B6FFC8E6-39CA-44D4-8730-77F9A241FA25}.Release|Any CPU.ActiveCfg = Release|Any CPU
		{B6FFC8E6-39CA-44D4-8730-77F9A241FA25}.Release|Any CPU.Build.0 = Release|Any CPU
		{B2493A70-9FF4-4672-98E9-B34337FBF559}.Debug|Any CPU.ActiveCfg = Debug|Any CPU
		{B2493A70-9FF4-4672-98E9-B34337FBF559}.Debug|Any CPU.Build.0 = Debug|Any CPU
		{B2493A70-9FF4-4672-98E9-B34337FBF559}.Release|Any CPU.ActiveCfg = Release|Any CPU
		{B2493A70-9FF4-4672-98E9-B34337FBF559}.Release|Any CPU.Build.0 = Release|Any CPU
		{A2DFEE05-C089-4AF1-A04C-877B49AE3227}.Debug|Any CPU.ActiveCfg = Debug|Any CPU
		{A2DFEE05-C089-4AF1-A04C-877B49AE3227}.Debug|Any CPU.Build.0 = Debug|Any CPU
		{A2DFEE05-C089-4AF1-A04C-877B49AE3227}.Release|Any CPU.ActiveCfg = Release|Any CPU
		{A2DFEE05-C089-4AF1-A04C-877B49AE3227}.Release|Any CPU.Build.0 = Release|Any CPU
		{F9662A07-A636-4467-839F-0CFDDDB08F20}.Debug|Any CPU.ActiveCfg = Debug|Any CPU
		{F9662A07-A636-4467-839F-0CFDDDB08F20}.Debug|Any CPU.Build.0 = Debug|Any CPU
		{F9662A07-A636-4467-839F-0CFDDDB08F20}.Release|Any CPU.ActiveCfg = Release|Any CPU
		{F9662A07-A636-4467-839F-0CFDDDB08F20}.Release|Any CPU.Build.0 = Release|Any CPU
		{F22FA8BB-BB7E-43BA-BADE-E96F4CADB0ED}.Debug|Any CPU.ActiveCfg = Debug|Any CPU
		{F22FA8BB-BB7E-43BA-BADE-E96F4CADB0ED}.Debug|Any CPU.Build.0 = Debug|Any CPU
		{F22FA8BB-BB7E-43BA-BADE-E96F4CADB0ED}.Release|Any CPU.ActiveCfg = Release|Any CPU
		{F22FA8BB-BB7E-43BA-BADE-E96F4CADB0ED}.Release|Any CPU.Build.0 = Release|Any CPU
	EndGlobalSection
	GlobalSection(SolutionProperties) = preSolution
		HideSolutionNode = FALSE
	EndGlobalSection
	GlobalSection(NestedProjects) = preSolution
		{93240D49-89ED-48A3-933E-0DA7C7E1AF70} = {AF19075D-409E-480F-8926-0B31C11B8D79}
		{D30CE7BD-B0C1-436A-A250-9C9AAC930F12} = {ADF713AB-BBEC-4AE2-9269-68DF6D86E0DF}
		{29F0FD02-47F3-43EA-AD7A-FDA241263D73} = {ADF713AB-BBEC-4AE2-9269-68DF6D86E0DF}
		{222A70CD-2F02-48EF-9303-5DEF7ADAE6B6} = {C3EF0B99-180F-4163-9652-7897C94E0FC9}
		{7348C0DC-9280-457C-AAAF-C51A13AFE383} = {C3EF0B99-180F-4163-9652-7897C94E0FC9}
		{B6FFC8E6-39CA-44D4-8730-77F9A241FA25} = {AF19075D-409E-480F-8926-0B31C11B8D79}
		{B2493A70-9FF4-4672-98E9-B34337FBF559} = {003D6744-83E7-4591-BB29-9F8F725E295C}
		{A2DFEE05-C089-4AF1-A04C-877B49AE3227} = {003D6744-83E7-4591-BB29-9F8F725E295C}
		{F9662A07-A636-4467-839F-0CFDDDB08F20} = {003D6744-83E7-4591-BB29-9F8F725E295C}
		{F22FA8BB-BB7E-43BA-BADE-E96F4CADB0ED} = {AF19075D-409E-480F-8926-0B31C11B8D79}
	EndGlobalSection
	GlobalSection(ExtensibilityGlobals) = postSolution
		SolutionGuid = {98E79CB0-90E8-430B-B5CC-CEC712C57991}
	EndGlobalSection
EndGlobal
